
Microsoft Visual Studio Solution File, Format Version 12.00
# Visual Studio Version 16
VisualStudioVersion = 16.0.29215.179
MinimumVisualStudioVersion = 10.0.40219.1
Project("{9A19103F-16F7-4668-BE54-9A1E7A4F7556}") = "MsgNThen.TestConsole", "MsgNThen.TestConsole\MsgNThen.TestConsole.csproj", "{9722E043-713C-4065-909E-E2F7E0ADFFC6}"
EndProject
Project("{9A19103F-16F7-4668-BE54-9A1E7A4F7556}") = "MsgNThen.Interfaces", "MsgNThen.Interfaces\MsgNThen.Interfaces.csproj", "{1C5CC885-A783-493F-99F8-F3655B97A1D6}"
EndProject
Project("{9A19103F-16F7-4668-BE54-9A1E7A4F7556}") = "MsgNThen.Rabbit", "MsgNThen.Rabbit\MsgNThen.Rabbit.csproj", "{06AFEDBE-4F57-4332-BCF5-FC746507A3E0}"
EndProject
Project("{9A19103F-16F7-4668-BE54-9A1E7A4F7556}") = "MsgNThen.Redis", "MsgNThen.Redis\MsgNThen.Redis.csproj", "{D4FC551F-C4A7-4749-BD2E-867ABFB22319}"
EndProject
Project("{9A19103F-16F7-4668-BE54-9A1E7A4F7556}") = "MsgNThen.Redis.Tests", "MsgNThen.Redis.Tests\MsgNThen.Redis.Tests.csproj", "{657F57D2-0B12-45D3-8080-16513297C666}"
EndProject
Project("{9A19103F-16F7-4668-BE54-9A1E7A4F7556}") = "MsgNThen.Rabbit.Tests", "MsgNThen.Rabbit.Tests\MsgNThen.Rabbit.Tests.csproj", "{6539EF8C-021D-434C-A109-65699E301264}"
EndProject
Project("{9A19103F-16F7-4668-BE54-9A1E7A4F7556}") = "MsgNThen.Adapter", "MsgNThen.Adapter\MsgNThen.Adapter.csproj", "{83649CED-6D0B-4D6D-AED7-CAA2EAED3CA0}"
EndProject
Project("{9A19103F-16F7-4668-BE54-9A1E7A4F7556}") = "MsgNThen.Adapter.Tests", "MsgNThen.Adapter.Tests\MsgNThen.Adapter.Tests.csproj", "{6F6C3BBA-1E48-43B7-83BA-29468DACD62C}"
EndProject
Project("{FAE04EC0-301F-11D3-BF4B-00C04F79EFBC}") = "MsgNThen.Samples.Web", "MsgNThen.Samples.Web\MsgNThen.Samples.Web.csproj", "{D38DF067-0240-4FF0-B308-63B4BB0786CC}"
EndProject
Project("{FAE04EC0-301F-11D3-BF4B-00C04F79EFBC}") = "WebApplication1", "WebApplication1\WebApplication1.csproj", "{C37BE997-7DD9-482F-A182-E5ED70DC21AD}"
EndProject
Global
	GlobalSection(SolutionConfigurationPlatforms) = preSolution
		Debug|Any CPU = Debug|Any CPU
		Release|Any CPU = Release|Any CPU
	EndGlobalSection
	GlobalSection(ProjectConfigurationPlatforms) = postSolution
		{9722E043-713C-4065-909E-E2F7E0ADFFC6}.Debug|Any CPU.ActiveCfg = Debug|Any CPU
		{9722E043-713C-4065-909E-E2F7E0ADFFC6}.Debug|Any CPU.Build.0 = Debug|Any CPU
		{9722E043-713C-4065-909E-E2F7E0ADFFC6}.Release|Any CPU.ActiveCfg = Release|Any CPU
		{9722E043-713C-4065-909E-E2F7E0ADFFC6}.Release|Any CPU.Build.0 = Release|Any CPU
		{1C5CC885-A783-493F-99F8-F3655B97A1D6}.Debug|Any CPU.ActiveCfg = Debug|Any CPU
		{1C5CC885-A783-493F-99F8-F3655B97A1D6}.Debug|Any CPU.Build.0 = Debug|Any CPU
		{1C5CC885-A783-493F-99F8-F3655B97A1D6}.Release|Any CPU.ActiveCfg = Release|Any CPU
		{1C5CC885-A783-493F-99F8-F3655B97A1D6}.Release|Any CPU.Build.0 = Release|Any CPU
		{06AFEDBE-4F57-4332-BCF5-FC746507A3E0}.Debug|Any CPU.ActiveCfg = Debug|Any CPU
		{06AFEDBE-4F57-4332-BCF5-FC746507A3E0}.Debug|Any CPU.Build.0 = Debug|Any CPU
		{06AFEDBE-4F57-4332-BCF5-FC746507A3E0}.Release|Any CPU.ActiveCfg = Release|Any CPU
		{06AFEDBE-4F57-4332-BCF5-FC746507A3E0}.Release|Any CPU.Build.0 = Release|Any CPU
		{D4FC551F-C4A7-4749-BD2E-867ABFB22319}.Debug|Any CPU.ActiveCfg = Debug|Any CPU
		{D4FC551F-C4A7-4749-BD2E-867ABFB22319}.Debug|Any CPU.Build.0 = Debug|Any CPU
		{D4FC551F-C4A7-4749-BD2E-867ABFB22319}.Release|Any CPU.ActiveCfg = Release|Any CPU
		{D4FC551F-C4A7-4749-BD2E-867ABFB22319}.Release|Any CPU.Build.0 = Release|Any CPU
		{657F57D2-0B12-45D3-8080-16513297C666}.Debug|Any CPU.ActiveCfg = Debug|Any CPU
		{657F57D2-0B12-45D3-8080-16513297C666}.Debug|Any CPU.Build.0 = Debug|Any CPU
		{657F57D2-0B12-45D3-8080-16513297C666}.Release|Any CPU.ActiveCfg = Release|Any CPU
		{657F57D2-0B12-45D3-8080-16513297C666}.Release|Any CPU.Build.0 = Release|Any CPU
		{6539EF8C-021D-434C-A109-65699E301264}.Debug|Any CPU.ActiveCfg = Debug|Any CPU
		{6539EF8C-021D-434C-A109-65699E301264}.Debug|Any CPU.Build.0 = Debug|Any CPU
		{6539EF8C-021D-434C-A109-65699E301264}.Release|Any CPU.ActiveCfg = Release|Any CPU
		{6539EF8C-021D-434C-A109-65699E301264}.Release|Any CPU.Build.0 = Release|Any CPU
		{83649CED-6D0B-4D6D-AED7-CAA2EAED3CA0}.Debug|Any CPU.ActiveCfg = Debug|Any CPU
		{83649CED-6D0B-4D6D-AED7-CAA2EAED3CA0}.Debug|Any CPU.Build.0 = Debug|Any CPU
		{83649CED-6D0B-4D6D-AED7-CAA2EAED3CA0}.Release|Any CPU.ActiveCfg = Release|Any CPU
		{83649CED-6D0B-4D6D-AED7-CAA2EAED3CA0}.Release|Any CPU.Build.0 = Release|Any CPU
		{6F6C3BBA-1E48-43B7-83BA-29468DACD62C}.Debug|Any CPU.ActiveCfg = Debug|Any CPU
		{6F6C3BBA-1E48-43B7-83BA-29468DACD62C}.Debug|Any CPU.Build.0 = Debug|Any CPU
		{6F6C3BBA-1E48-43B7-83BA-29468DACD62C}.Release|Any CPU.ActiveCfg = Release|Any CPU
		{6F6C3BBA-1E48-43B7-83BA-29468DACD62C}.Release|Any CPU.Build.0 = Release|Any CPU
		{D38DF067-0240-4FF0-B308-63B4BB0786CC}.Debug|Any CPU.ActiveCfg = Debug|Any CPU
		{D38DF067-0240-4FF0-B308-63B4BB0786CC}.Debug|Any CPU.Build.0 = Debug|Any CPU
		{D38DF067-0240-4FF0-B308-63B4BB0786CC}.Release|Any CPU.ActiveCfg = Release|Any CPU
		{D38DF067-0240-4FF0-B308-63B4BB0786CC}.Release|Any CPU.Build.0 = Release|Any CPU
		{C37BE997-7DD9-482F-A182-E5ED70DC21AD}.Debug|Any CPU.ActiveCfg = Debug|Any CPU
		{C37BE997-7DD9-482F-A182-E5ED70DC21AD}.Debug|Any CPU.Build.0 = Debug|Any CPU
		{C37BE997-7DD9-482F-A182-E5ED70DC21AD}.Release|Any CPU.ActiveCfg = Release|Any CPU
		{C37BE997-7DD9-482F-A182-E5ED70DC21AD}.Release|Any CPU.Build.0 = Release|Any CPU
	EndGlobalSection
	GlobalSection(SolutionProperties) = preSolution
		HideSolutionNode = FALSE
	EndGlobalSection
	GlobalSection(ExtensibilityGlobals) = postSolution
		SolutionGuid = {80F6B684-D6F7-4292-A9C4-33E706D5FE3B}
	EndGlobalSection
EndGlobal
